
Microsoft Visual Studio Solution File, Format Version 12.00
# Visual Studio Version 16
VisualStudioVersion = 16.0.31613.86
MinimumVisualStudioVersion = 10.0.40219.1
Project("{8BC9CEB8-8B4A-11D0-8D11-00A0C91BC942}") = "DummyLinkedList", "DummyLinkedList\DummyLinkedList.vcxproj", "{F615B8C4-9650-4D45-B7C2-CD2C247A5A68}"
EndProject
Global
	GlobalSection(SolutionConfigurationPlatforms) = preSolution
		Debug|x64 = Debug|x64
		Debug|x86 = Debug|x86
		Release|x64 = Release|x64
		Release|x86 = Release|x86
	EndGlobalSection
	GlobalSection(ProjectConfigurationPlatforms) = postSolution
		{F615B8C4-9650-4D45-B7C2-CD2C247A5A68}.Debug|x64.ActiveCfg = Debug|x64
		{F615B8C4-9650-4D45-B7C2-CD2C247A5A68}.Debug|x64.Build.0 = Debug|x64
		{F615B8C4-9650-4D45-B7C2-CD2C247A5A68}.Debug|x86.ActiveCfg = Debug|Win32
		{F615B8C4-9650-4D45-B7C2-CD2C247A5A68}.Debug|x86.Build.0 = Debug|Win32
		{F615B8C4-9650-4D45-B7C2-CD2C247A5A68}.Release|x64.ActiveCfg = Release|x64
		{F615B8C4-9650-4D45-B7C2-CD2C247A5A68}.Release|x64.Build.0 = Release|x64
		{F615B8C4-9650-4D45-B7C2-CD2C247A5A68}.Release|x86.ActiveCfg = Release|Win32
		{F615B8C4-9650-4D45-B7C2-CD2C247A5A68}.Release|x86.Build.0 = Release|Win32
	EndGlobalSection
	GlobalSection(SolutionProperties) = preSolution
		HideSolutionNode = FALSE
	EndGlobalSection
	GlobalSection(ExtensibilityGlobals) = postSolution
		SolutionGuid = {08C8DA0F-322B-47F3-B753-311C2651DF3C}
	EndGlobalSection
EndGlobal
